{
    "name": "WeedWeb",
    "lockfileVersion": 2,
    "requires": true,
    "packages": {
        "": {
            "dependencies": {
                "ngx-bootstrap": "^10.2.0",
                "primeicons": "^6.0.1",
                "primeng": "^15.3.0",
                "swiper": "^9.3.2"
            }
        },
        "node_modules/@angular/animations": {
            "version": "15.2.9",
            "resolved": "https://registry.npmjs.org/@angular/animations/-/animations-15.2.9.tgz",
            "integrity": "sha512-GQujLhI0cQFcl4Q8y0oSYKSRnW23GIeSL+Arl4eFufziJ9hGAAQNuesaNs/7i+9UlTHDMkPH3kd5ScXuYYz6wg==",
            "peer": true,
            "dependencies": {
                "tslib": "^2.3.0"
            },
            "engines": {
                "node": "^14.20.0 || ^16.13.0 || >=18.10.0"
            },
            "peerDependencies": {
                "@angular/core": "15.2.9"
            }
        },
        "node_modules/@angular/common": {
            "version": "15.2.9",
            "resolved": "https://registry.npmjs.org/@angular/common/-/common-15.2.9.tgz",
            "integrity": "sha512-LM9/UHG2dRrOzlu2KovrFwWIziFMjRxHzSP3Igw6Symw/wIl0kXGq8Fn6RpFP78zmLqnv+IQOoRiby9MCXsI4g==",
            "peer": true,
            "dependencies": {
                "tslib": "^2.3.0"
            },
            "engines": {
                "node": "^14.20.0 || ^16.13.0 || >=18.10.0"
            },
            "peerDependencies": {
                "@angular/core": "15.2.9",
                "rxjs": "^6.5.3 || ^7.4.0"
            }
        },
        "node_modules/@angular/core": {
            "version": "15.2.9",
            "resolved": "https://registry.npmjs.org/@angular/core/-/core-15.2.9.tgz",
            "integrity": "sha512-w46Z1yUXCQfKV7XfnamOoLA2VD0MVUUYVrUjO73mHSskDXSXxfZAEHO9kfUS71Cj35PvhP3mbkqWscpea2WeYg==",
            "peer": true,
            "dependencies": {
                "tslib": "^2.3.0"
            },
            "engines": {
                "node": "^14.20.0 || ^16.13.0 || >=18.10.0"
            },
            "peerDependencies": {
                "rxjs": "^6.5.3 || ^7.4.0",
                "zone.js": "~0.11.4 || ~0.12.0 || ~0.13.0"
            }
        },
        "node_modules/@angular/forms": {
            "version": "15.2.9",
            "resolved": "https://registry.npmjs.org/@angular/forms/-/forms-15.2.9.tgz",
            "integrity": "sha512-sk0pC2EFi2Ohg5J0q0NYptbT+2WOkoiERSMYA39ncDvlSZBWsNlxpkbGUSck7NIxjK2QfcVN1ldGbHlZTFvtqg==",
            "peer": true,
            "dependencies": {
                "tslib": "^2.3.0"
            },
            "engines": {
                "node": "^14.20.0 || ^16.13.0 || >=18.10.0"
            },
            "peerDependencies": {
                "@angular/common": "15.2.9",
                "@angular/core": "15.2.9",
                "@angular/platform-browser": "15.2.9",
                "rxjs": "^6.5.3 || ^7.4.0"
            }
        },
        "node_modules/@angular/platform-browser": {
            "version": "15.2.9",
            "resolved": "https://registry.npmjs.org/@angular/platform-browser/-/platform-browser-15.2.9.tgz",
            "integrity": "sha512-ufCHeSX+U6d43YOMkn3igwfqtlozoCXADcbyfUEG8m2y9XASobqmCKvdSk/zfl62oyiA8msntWBJVBE2l4xKXg==",
            "peer": true,
            "dependencies": {
                "tslib": "^2.3.0"
            },
            "engines": {
                "node": "^14.20.0 || ^16.13.0 || >=18.10.0"
            },
            "peerDependencies": {
                "@angular/animations": "15.2.9",
                "@angular/common": "15.2.9",
                "@angular/core": "15.2.9"
            },
            "peerDependenciesMeta": {
                "@angular/animations": {
                    "optional": true
                }
            }
        },
        "node_modules/ngx-bootstrap": {
            "version": "10.2.0",
            "resolved": "https://registry.npmjs.org/ngx-bootstrap/-/ngx-bootstrap-10.2.0.tgz",
            "integrity": "sha512-bn5wdvH6QQ2JGu4TgUbozdULBFMxZNPNTgO7dRiosx9FRrFvKcgxkGSgU/xoj+4kP1vgh8zwzaiDfvH/Bfb+Aw==",
            "dependencies": {
                "tslib": "^2.3.0"
            },
            "peerDependencies": {
                "@angular/animations": "^15.0.0",
                "@angular/common": "^15.0.0",
                "@angular/core": "^15.0.0",
                "@angular/forms": "^15.0.0",
                "rxjs": "^6.5.3 || ^7.6.0"
            }
        },
        "node_modules/primeicons": {
            "version": "6.0.1",
            "resolved": "https://registry.npmjs.org/primeicons/-/primeicons-6.0.1.tgz",
            "integrity": "sha512-KDeO94CbWI4pKsPnYpA1FPjo79EsY9I+M8ywoPBSf9XMXoe/0crjbUK7jcQEDHuc0ZMRIZsxH3TYLv4TUtHmAA=="
        },
        "node_modules/primeng": {
            "version": "15.3.0",
            "resolved": "https://registry.npmjs.org/primeng/-/primeng-15.3.0.tgz",
            "integrity": "sha512-vfNPk+KV5Bihu7vU+KYY4eTKmh3V+CPLt9l7kSuCqx02UAtDWHN579BS1AXrQleoUcg4G63/tvuI7JEuiRF0FQ==",
            "dependencies": {
                "tslib": "^2.3.0"
            },
            "peerDependencies": {
                "@angular/common": "^15.2.1",
                "@angular/core": "^15.2.1",
                "@angular/forms": "^15.2.1",
                "primeicons": "^6.0.1",
                "rxjs": "^6.0.0 || ^7.5.0",
                "zone.js": "^0.10.2 || ^0.11.0 || ^0.12.0"
            }
        },
        "node_modules/rxjs": {
            "version": "7.8.1",
            "resolved": "https://registry.npmjs.org/rxjs/-/rxjs-7.8.1.tgz",
            "integrity": "sha512-AA3TVj+0A2iuIoQkWEK/tqFjBq2j+6PO6Y0zJcvzLAFhEFIO3HL0vls9hWLncZbAAbK0mar7oZ4V079I/qPMxg==",
            "peer": true,
            "dependencies": {
                "tslib": "^2.1.0"
            }
        },
        "node_modules/ssr-window": {
            "version": "4.0.2",
            "resolved": "https://registry.npmjs.org/ssr-window/-/ssr-window-4.0.2.tgz",
            "integrity": "sha512-ISv/Ch+ig7SOtw7G2+qkwfVASzazUnvlDTwypdLoPoySv+6MqlOV10VwPSE6EWkGjhW50lUmghPmpYZXMu/+AQ=="
        },
        "node_modules/swiper": {
            "version": "9.3.2",
            "resolved": "https://registry.npmjs.org/swiper/-/swiper-9.3.2.tgz",
            "integrity": "sha512-Kj9Z4kXRmJR3YT/Wj+XLWj8P6IcRt+WG38uL8M3/Wny7+6sV0TlP9vnE1X+Co9c7VzNooojWGnFa+Wf/9+CUMA==",
            "funding": [
                {
                    "type": "patreon",
                    "url": "https://www.patreon.com/swiperjs"
                },
                {
                    "type": "open_collective",
                    "url": "http://opencollective.com/swiper"
                }
            ],
            "dependencies": {
                "ssr-window": "^4.0.2"
            },
            "engines": {
                "node": ">= 4.7.0"
            }
        },
        "node_modules/tslib": {
            "version": "2.5.0",
            "resolved": "https://registry.npmjs.org/tslib/-/tslib-2.5.0.tgz",
            "integrity": "sha512-336iVw3rtn2BUK7ORdIAHTyxHGRIHVReokCR3XjbckJMK7ms8FysBfhLR8IXnAgy7T0PTPNBWKiH514FOW/WSg=="
        },
        "node_modules/zone.js": {
            "version": "0.12.0",
            "resolved": "https://registry.npmjs.org/zone.js/-/zone.js-0.12.0.tgz",
            "integrity": "sha512-XtC+I5dXU14HrzidAKBNMqneIVUykLEAA1x+v4KVrd6AUPWlwYORF8KgsVqvgdHiKZ4BkxxjvYi/ksEixTPR0Q==",
            "peer": true,
            "dependencies": {
                "tslib": "^2.3.0"
            }
        }
    },
    "dependencies": {
        "@angular/animations": {
            "version": "15.2.9",
            "resolved": "https://registry.npmjs.org/@angular/animations/-/animations-15.2.9.tgz",
            "integrity": "sha512-GQujLhI0cQFcl4Q8y0oSYKSRnW23GIeSL+Arl4eFufziJ9hGAAQNuesaNs/7i+9UlTHDMkPH3kd5ScXuYYz6wg==",
            "peer": true,
            "requires": {
                "tslib": "^2.3.0"
            }
        },
        "@angular/common": {
            "version": "15.2.9",
            "resolved": "https://registry.npmjs.org/@angular/common/-/common-15.2.9.tgz",
            "integrity": "sha512-LM9/UHG2dRrOzlu2KovrFwWIziFMjRxHzSP3Igw6Symw/wIl0kXGq8Fn6RpFP78zmLqnv+IQOoRiby9MCXsI4g==",
            "peer": true,
            "requires": {
                "tslib": "^2.3.0"
            }
        },
        "@angular/core": {
            "version": "15.2.9",
            "resolved": "https://registry.npmjs.org/@angular/core/-/core-15.2.9.tgz",
            "integrity": "sha512-w46Z1yUXCQfKV7XfnamOoLA2VD0MVUUYVrUjO73mHSskDXSXxfZAEHO9kfUS71Cj35PvhP3mbkqWscpea2WeYg==",
            "peer": true,
            "requires": {
                "tslib": "^2.3.0"
            }
        },
        "@angular/forms": {
            "version": "15.2.9",
            "resolved": "https://registry.npmjs.org/@angular/forms/-/forms-15.2.9.tgz",
            "integrity": "sha512-sk0pC2EFi2Ohg5J0q0NYptbT+2WOkoiERSMYA39ncDvlSZBWsNlxpkbGUSck7NIxjK2QfcVN1ldGbHlZTFvtqg==",
            "peer": true,
            "requires": {
                "tslib": "^2.3.0"
            }
        },
        "@angular/platform-browser": {
            "version": "15.2.9",
            "resolved": "https://registry.npmjs.org/@angular/platform-browser/-/platform-browser-15.2.9.tgz",
            "integrity": "sha512-ufCHeSX+U6d43YOMkn3igwfqtlozoCXADcbyfUEG8m2y9XASobqmCKvdSk/zfl62oyiA8msntWBJVBE2l4xKXg==",
            "peer": true,
            "requires": {
                "tslib": "^2.3.0"
            }
        },
        "ngx-bootstrap": {
            "version": "10.2.0",
            "resolved": "https://registry.npmjs.org/ngx-bootstrap/-/ngx-bootstrap-10.2.0.tgz",
            "integrity": "sha512-bn5wdvH6QQ2JGu4TgUbozdULBFMxZNPNTgO7dRiosx9FRrFvKcgxkGSgU/xoj+4kP1vgh8zwzaiDfvH/Bfb+Aw==",
            "requires": {
                "tslib": "^2.3.0"
            }
        },
        "primeicons": {
            "version": "6.0.1",
            "resolved": "https://registry.npmjs.org/primeicons/-/primeicons-6.0.1.tgz",
            "integrity": "sha512-KDeO94CbWI4pKsPnYpA1FPjo79EsY9I+M8ywoPBSf9XMXoe/0crjbUK7jcQEDHuc0ZMRIZsxH3TYLv4TUtHmAA=="
        },
        "primeng": {
            "version": "15.3.0",
            "resolved": "https://registry.npmjs.org/primeng/-/primeng-15.3.0.tgz",
            "integrity": "sha512-vfNPk+KV5Bihu7vU+KYY4eTKmh3V+CPLt9l7kSuCqx02UAtDWHN579BS1AXrQleoUcg4G63/tvuI7JEuiRF0FQ==",
            "requires": {
                "tslib": "^2.3.0"
            }
        },
        "rxjs": {
            "version": "7.8.1",
            "resolved": "https://registry.npmjs.org/rxjs/-/rxjs-7.8.1.tgz",
            "integrity": "sha512-AA3TVj+0A2iuIoQkWEK/tqFjBq2j+6PO6Y0zJcvzLAFhEFIO3HL0vls9hWLncZbAAbK0mar7oZ4V079I/qPMxg==",
            "peer": true,
            "requires": {
                "tslib": "^2.1.0"
            }
        },
        "ssr-window": {
            "version": "4.0.2",
            "resolved": "https://registry.npmjs.org/ssr-window/-/ssr-window-4.0.2.tgz",
            "integrity": "sha512-ISv/Ch+ig7SOtw7G2+qkwfVASzazUnvlDTwypdLoPoySv+6MqlOV10VwPSE6EWkGjhW50lUmghPmpYZXMu/+AQ=="
        },
        "swiper": {
            "version": "9.3.2",
            "resolved": "https://registry.npmjs.org/swiper/-/swiper-9.3.2.tgz",
            "integrity": "sha512-Kj9Z4kXRmJR3YT/Wj+XLWj8P6IcRt+WG38uL8M3/Wny7+6sV0TlP9vnE1X+Co9c7VzNooojWGnFa+Wf/9+CUMA==",
            "requires": {
                "ssr-window": "^4.0.2"
            }
        },
        "tslib": {
            "version": "2.5.0",
            "resolved": "https://registry.npmjs.org/tslib/-/tslib-2.5.0.tgz",
            "integrity": "sha512-336iVw3rtn2BUK7ORdIAHTyxHGRIHVReokCR3XjbckJMK7ms8FysBfhLR8IXnAgy7T0PTPNBWKiH514FOW/WSg=="
        },
        "zone.js": {
            "version": "0.12.0",
            "resolved": "https://registry.npmjs.org/zone.js/-/zone.js-0.12.0.tgz",
            "integrity": "sha512-XtC+I5dXU14HrzidAKBNMqneIVUykLEAA1x+v4KVrd6AUPWlwYORF8KgsVqvgdHiKZ4BkxxjvYi/ksEixTPR0Q==",
            "peer": true,
            "requires": {
                "tslib": "^2.3.0"
            }
        }
    }
}
